Microsoft Visual Studio Solution File, Format Version 12.00
# Visual Studio 2012
Project("{FAE04EC0-301F-11D3-BF4B-00C04F79EFBC}") = "RoguelikeDev-tutorial-2024", "RoguelikeDev-tutorial-2024.csproj", "{C41448CE-D47E-458C-A265-8E2BF78F0E04}"
EndProject
Global
	GlobalSection(SolutionConfigurationPlatforms) = preSolution
	Debug|Any CPU = Debug|Any CPU
	ExportDebug|Any CPU = ExportDebug|Any CPU
	ExportRelease|Any CPU = ExportRelease|Any CPU
	EndGlobalSection
	GlobalSection(ProjectConfigurationPlatforms) = postSolution
		{C41448CE-D47E-458C-A265-8E2BF78F0E04}.Debug|Any CPU.ActiveCfg = Debug|Any CPU
		{C41448CE-D47E-458C-A265-8E2BF78F0E04}.Debug|Any CPU.Build.0 = Debug|Any CPU
		{C41448CE-D47E-458C-A265-8E2BF78F0E04}.ExportDebug|Any CPU.ActiveCfg = ExportDebug|Any CPU
		{C41448CE-D47E-458C-A265-8E2BF78F0E04}.ExportDebug|Any CPU.Build.0 = ExportDebug|Any CPU
		{C41448CE-D47E-458C-A265-8E2BF78F0E04}.ExportRelease|Any CPU.ActiveCfg = ExportRelease|Any CPU
		{C41448CE-D47E-458C-A265-8E2BF78F0E04}.ExportRelease|Any CPU.Build.0 = ExportRelease|Any CPU
	EndGlobalSection
EndGlobal
